
Microsoft Visual Studio Solution File, Format Version 12.00
# Visual Studio Version 17
VisualStudioVersion = 17.8.34316.72
MinimumVisualStudioVersion = 10.0.40219.1
Project("{FAE04EC0-301F-11D3-BF4B-00C04F79EFBC}") = "Task1 ADv", "Task1 ADv.csproj", "{3C921A2E-29A6-49E7-BC68-D18E086A2445}"
EndProject
Global
	GlobalSection(SolutionConfigurationPlatforms) = preSolution
		Debug|Any CPU = Debug|Any CPU
		Release|Any CPU = Release|Any CPU
	EndGlobalSection
	GlobalSection(ProjectConfigurationPlatforms) = postSolution
		{3C921A2E-29A6-49E7-BC68-D18E086A2445}.Debug|Any CPU.ActiveCfg = Debug|Any CPU
		{3C921A2E-29A6-49E7-BC68-D18E086A2445}.Debug|Any CPU.Build.0 = Debug|Any CPU
		{3C921A2E-29A6-49E7-BC68-D18E086A2445}.Release|Any CPU.ActiveCfg = Release|Any CPU
		{3C921A2E-29A6-49E7-BC68-D18E086A2445}.Release|Any CPU.Build.0 = Release|Any CPU
	EndGlobalSection
	GlobalSection(SolutionProperties) = preSolution
		HideSolutionNode = FALSE
	EndGlobalSection
	GlobalSection(ExtensibilityGlobals) = postSolution
		SolutionGuid = {3B67435E-4314-4D13-946E-DB1FAF24AF8E}
	EndGlobalSection
EndGlobal
