
Microsoft Visual Studio Solution File, Format Version 12.00
# Visual Studio Version 17
VisualStudioVersion = 17.8.34316.72
MinimumVisualStudioVersion = 10.0.40219.1
Project("{FAE04EC0-301F-11D3-BF4B-00C04F79EFBC}") = "DAY5", "DAY5.csproj", "{74336909-82F8-40E5-A4B9-EA03DF015B3D}"
EndProject
Global
	GlobalSection(SolutionConfigurationPlatforms) = preSolution
		Debug|Any CPU = Debug|Any CPU
		Release|Any CPU = Release|Any CPU
	EndGlobalSection
	GlobalSection(ProjectConfigurationPlatforms) = postSolution
		{74336909-82F8-40E5-A4B9-EA03DF015B3D}.Debug|Any CPU.ActiveCfg = Debug|Any CPU
		{74336909-82F8-40E5-A4B9-EA03DF015B3D}.Debug|Any CPU.Build.0 = Debug|Any CPU
		{74336909-82F8-40E5-A4B9-EA03DF015B3D}.Release|Any CPU.ActiveCfg = Release|Any CPU
		{74336909-82F8-40E5-A4B9-EA03DF015B3D}.Release|Any CPU.Build.0 = Release|Any CPU
	EndGlobalSection
	GlobalSection(SolutionProperties) = preSolution
		HideSolutionNode = FALSE
	EndGlobalSection
	GlobalSection(ExtensibilityGlobals) = postSolution
		SolutionGuid = {D11C1AB7-1780-4054-8924-F80FDB789091}
	EndGlobalSection
EndGlobal
